
Microsoft Visual Studio Solution File, Format Version 12.00
# Visual Studio 15
Project("{FAE04EC0-301F-11D3-BF4B-00C04F79EFBC}") = "Sirenix.OdinInspector.CompatibilityLayer", "Sirenix.OdinInspector.CompatibilityLayer.csproj", "{2F22AB3E-9BB3-EC58-1A3F-FD22DDDA7BBC}"
EndProject
Project("{FAE04EC0-301F-11D3-BF4B-00C04F79EFBC}") = "Sirenix.OdinInspector.CompatibilityLayer.Editor", "Sirenix.OdinInspector.CompatibilityLayer.Editor.csproj", "{6FAC026A-32B0-044B-AD76-DDA07FEEDB0E}"
EndProject
Project("{FAE04EC0-301F-11D3-BF4B-00C04F79EFBC}") = "Sirenix.OdinValidator", "Sirenix.OdinValidator.csproj", "{13DF9E57-7B7D-DF16-9704-5F30313791CC}"
EndProject
Global
	GlobalSection(SolutionConfigurationPlatforms) = preSolution
		Debug|Any CPU = Debug|Any CPU
		Release|Any CPU = Release|Any CPU
	EndGlobalSection
	GlobalSection(ProjectConfigurationPlatforms) = postSolution
		{2F22AB3E-9BB3-EC58-1A3F-FD22DDDA7BBC}.Debug|Any CPU.ActiveCfg = Debug|Any CPU
		{2F22AB3E-9BB3-EC58-1A3F-FD22DDDA7BBC}.Debug|Any CPU.Build.0 = Debug|Any CPU
		{2F22AB3E-9BB3-EC58-1A3F-FD22DDDA7BBC}.Release|Any CPU.ActiveCfg = Release|Any CPU
		{2F22AB3E-9BB3-EC58-1A3F-FD22DDDA7BBC}.Release|Any CPU.Build.0 = Release|Any CPU
		{6FAC026A-32B0-044B-AD76-DDA07FEEDB0E}.Debug|Any CPU.ActiveCfg = Debug|Any CPU
		{6FAC026A-32B0-044B-AD76-DDA07FEEDB0E}.Debug|Any CPU.Build.0 = Debug|Any CPU
		{6FAC026A-32B0-044B-AD76-DDA07FEEDB0E}.Release|Any CPU.ActiveCfg = Release|Any CPU
		{6FAC026A-32B0-044B-AD76-DDA07FEEDB0E}.Release|Any CPU.Build.0 = Release|Any CPU
		{13DF9E57-7B7D-DF16-9704-5F30313791CC}.Debug|Any CPU.ActiveCfg = Debug|Any CPU
		{13DF9E57-7B7D-DF16-9704-5F30313791CC}.Debug|Any CPU.Build.0 = Debug|Any CPU
		{13DF9E57-7B7D-DF16-9704-5F30313791CC}.Release|Any CPU.ActiveCfg = Release|Any CPU
		{13DF9E57-7B7D-DF16-9704-5F30313791CC}.Release|Any CPU.Build.0 = Release|Any CPU
	EndGlobalSection
	GlobalSection(SolutionProperties) = preSolution
		HideSolutionNode = FALSE
	EndGlobalSection
EndGlobal
