
Microsoft Visual Studio Solution File, Format Version 12.00
# Visual Studio 16
Project("{FAE04EC0-301F-11D3-BF4B-00C04F79EFBC}") = "Assembly-CSharp", "Assembly-CSharp.csproj", "{53ACB4C1-881B-8AD0-390C-7FF11801450A}"
EndProject
Project("{FAE04EC0-301F-11D3-BF4B-00C04F79EFBC}") = "Sirenix.OdinInspector.CompatibilityLayer", "Sirenix.OdinInspector.CompatibilityLayer.csproj", "{91D90497-2D76-CD2B-5FA0-01F2D9E507F7}"
EndProject
Project("{FAE04EC0-301F-11D3-BF4B-00C04F79EFBC}") = "Sirenix.OdinInspector.CompatibilityLayer.Editor", "Sirenix.OdinInspector.CompatibilityLayer.Editor.csproj", "{D67E8E75-D777-15CA-9820-C60DDAA7BFFE}"
EndProject
Project("{FAE04EC0-301F-11D3-BF4B-00C04F79EFBC}") = "Sirenix.OdinValidator", "Sirenix.OdinValidator.csproj", "{521699F8-ECE4-087F-E659-0B587DFC07D4}"
EndProject
Project("{FAE04EC0-301F-11D3-BF4B-00C04F79EFBC}") = "Assembly-CSharp-Editor", "Assembly-CSharp-Editor.csproj", "{37B14EED-F877-57A0-55BE-811DE035A1FE}"
EndProject
Global
	GlobalSection(SolutionConfigurationPlatforms) = preSolution
		Debug|Any CPU = Debug|Any CPU
		Release|Any CPU = Release|Any CPU
	EndGlobalSection
	GlobalSection(ProjectConfigurationPlatforms) = postSolution
		{53ACB4C1-881B-8AD0-390C-7FF11801450A}.Debug|Any CPU.ActiveCfg = Debug|Any CPU
		{53ACB4C1-881B-8AD0-390C-7FF11801450A}.Debug|Any CPU.Build.0 = Debug|Any CPU
		{53ACB4C1-881B-8AD0-390C-7FF11801450A}.Release|Any CPU.ActiveCfg = Release|Any CPU
		{53ACB4C1-881B-8AD0-390C-7FF11801450A}.Release|Any CPU.Build.0 = Release|Any CPU
		{91D90497-2D76-CD2B-5FA0-01F2D9E507F7}.Debug|Any CPU.ActiveCfg = Debug|Any CPU
		{91D90497-2D76-CD2B-5FA0-01F2D9E507F7}.Debug|Any CPU.Build.0 = Debug|Any CPU
		{91D90497-2D76-CD2B-5FA0-01F2D9E507F7}.Release|Any CPU.ActiveCfg = Release|Any CPU
		{91D90497-2D76-CD2B-5FA0-01F2D9E507F7}.Release|Any CPU.Build.0 = Release|Any CPU
		{D67E8E75-D777-15CA-9820-C60DDAA7BFFE}.Debug|Any CPU.ActiveCfg = Debug|Any CPU
		{D67E8E75-D777-15CA-9820-C60DDAA7BFFE}.Debug|Any CPU.Build.0 = Debug|Any CPU
		{D67E8E75-D777-15CA-9820-C60DDAA7BFFE}.Release|Any CPU.ActiveCfg = Release|Any CPU
		{D67E8E75-D777-15CA-9820-C60DDAA7BFFE}.Release|Any CPU.Build.0 = Release|Any CPU
		{521699F8-ECE4-087F-E659-0B587DFC07D4}.Debug|Any CPU.ActiveCfg = Debug|Any CPU
		{521699F8-ECE4-087F-E659-0B587DFC07D4}.Debug|Any CPU.Build.0 = Debug|Any CPU
		{521699F8-ECE4-087F-E659-0B587DFC07D4}.Release|Any CPU.ActiveCfg = Release|Any CPU
		{521699F8-ECE4-087F-E659-0B587DFC07D4}.Release|Any CPU.Build.0 = Release|Any CPU
		{37B14EED-F877-57A0-55BE-811DE035A1FE}.Debug|Any CPU.ActiveCfg = Debug|Any CPU
		{37B14EED-F877-57A0-55BE-811DE035A1FE}.Debug|Any CPU.Build.0 = Debug|Any CPU
		{37B14EED-F877-57A0-55BE-811DE035A1FE}.Release|Any CPU.ActiveCfg = Release|Any CPU
		{37B14EED-F877-57A0-55BE-811DE035A1FE}.Release|Any CPU.Build.0 = Release|Any CPU
	EndGlobalSection
	GlobalSection(SolutionProperties) = preSolution
		HideSolutionNode = FALSE
	EndGlobalSection
EndGlobal
